
Microsoft Visual Studio Solution File, Format Version 12.00
# Visual Studio Version 16
VisualStudioVersion = 16.0.30804.86
MinimumVisualStudioVersion = 10.0.40219.1
Project("{FAE04EC0-301F-11D3-BF4B-00C04F79EFBC}") = "InternalIssues", "InternalIssues.csproj", "{E6C64880-E760-49C0-82C7-BD9EA51F834E}"
EndProject
Global
	GlobalSection(SolutionConfigurationPlatforms) = preSolution
		Debug|Any CPU = Debug|Any CPU
		Release|Any CPU = Release|Any CPU
	EndGlobalSection
	GlobalSection(ProjectConfigurationPlatforms) = postSolution
		{E6C64880-E760-49C0-82C7-BD9EA51F834E}.Debug|Any CPU.ActiveCfg = Debug|Any CPU
		{E6C64880-E760-49C0-82C7-BD9EA51F834E}.Debug|Any CPU.Build.0 = Debug|Any CPU
		{E6C64880-E760-49C0-82C7-BD9EA51F834E}.Release|Any CPU.ActiveCfg = Release|Any CPU
		{E6C64880-E760-49C0-82C7-BD9EA51F834E}.Release|Any CPU.Build.0 = Release|Any CPU
	EndGlobalSection
	GlobalSection(SolutionProperties) = preSolution
		HideSolutionNode = FALSE
	EndGlobalSection
	GlobalSection(ExtensibilityGlobals) = postSolution
		SolutionGuid = {25A4FD80-4518-4BAB-9C91-48F5C22EBB84}
	EndGlobalSection
EndGlobal
